
Microsoft Visual Studio Solution File, Format Version 12.00
# Visual Studio Version 17
VisualStudioVersion = 17.14.36310.24 d17.14
MinimumVisualStudioVersion = 10.0.40219.1
Project("{54A90642-561A-4BB1-A94E-469ADEE60C69}") = "t2-release-notes-analyzer", "t2-release-notes-analyzer.esproj", "{4659B08F-9F6A-47CE-68F8-250973D01B78}"
EndProject
Global
	GlobalSection(SolutionConfigurationPlatforms) = preSolution
		Debug|Any CPU = Debug|Any CPU
		Release|Any CPU = Release|Any CPU
	EndGlobalSection
	GlobalSection(ProjectConfigurationPlatforms) = postSolution
		{4659B08F-9F6A-47CE-68F8-250973D01B78}.Debug|Any CPU.ActiveCfg = Debug|Any CPU
		{4659B08F-9F6A-47CE-68F8-250973D01B78}.Debug|Any CPU.Build.0 = Debug|Any CPU
		{4659B08F-9F6A-47CE-68F8-250973D01B78}.Debug|Any CPU.Deploy.0 = Debug|Any CPU
		{4659B08F-9F6A-47CE-68F8-250973D01B78}.Release|Any CPU.ActiveCfg = Release|Any CPU
		{4659B08F-9F6A-47CE-68F8-250973D01B78}.Release|Any CPU.Build.0 = Release|Any CPU
		{4659B08F-9F6A-47CE-68F8-250973D01B78}.Release|Any CPU.Deploy.0 = Release|Any CPU
	EndGlobalSection
	GlobalSection(SolutionProperties) = preSolution
		HideSolutionNode = FALSE
	EndGlobalSection
	GlobalSection(ExtensibilityGlobals) = postSolution
		SolutionGuid = {81404BCE-4677-42AD-8EBD-37501D56C849}
	EndGlobalSection
EndGlobal
